
Microsoft Visual Studio Solution File, Format Version 12.00
# Visual Studio Version 16
VisualStudioVersion = 16.0.810.14
MinimumVisualStudioVersion = 10.0.40219.1
Project("{FAE04EC0-301F-11D3-BF4B-00C04F79EFBC}") = "example4", "example4\example4.csproj", "{2E84EC90-3805-4EED-B18D-E78D0CD3A808}"
EndProject
Global
	GlobalSection(SolutionConfigurationPlatforms) = preSolution
		Debug|Any CPU = Debug|Any CPU
		Release|Any CPU = Release|Any CPU
	EndGlobalSection
	GlobalSection(ProjectConfigurationPlatforms) = postSolution
		{2E84EC90-3805-4EED-B18D-E78D0CD3A808}.Debug|Any CPU.ActiveCfg = Debug|Any CPU
		{2E84EC90-3805-4EED-B18D-E78D0CD3A808}.Debug|Any CPU.Build.0 = Debug|Any CPU
		{2E84EC90-3805-4EED-B18D-E78D0CD3A808}.Release|Any CPU.ActiveCfg = Release|Any CPU
		{2E84EC90-3805-4EED-B18D-E78D0CD3A808}.Release|Any CPU.Build.0 = Release|Any CPU
	EndGlobalSection
	GlobalSection(SolutionProperties) = preSolution
		HideSolutionNode = FALSE
	EndGlobalSection
	GlobalSection(ExtensibilityGlobals) = postSolution
		SolutionGuid = {F585F8D7-6860-4255-97C8-CA8B892F125F}
	EndGlobalSection
EndGlobal
